
Microsoft Visual Studio Solution File, Format Version 12.00
# Visual Studio Version 17
VisualStudioVersion = 17.5.002.0
MinimumVisualStudioVersion = 10.0.40219.1
Project("{9A19103F-16F7-4668-BE54-9A1E7A4F7556}") = "finaflow.api", "finaflow.api.csproj", "{7F366FBF-2D74-4CC2-992A-1CD9C424FB95}"
EndProject
Global
	GlobalSection(SolutionConfigurationPlatforms) = preSolution
		Debug|Any CPU = Debug|Any CPU
		Release|Any CPU = Release|Any CPU
	EndGlobalSection
	GlobalSection(ProjectConfigurationPlatforms) = postSolution
		{7F366FBF-2D74-4CC2-992A-1CD9C424FB95}.Debug|Any CPU.ActiveCfg = Debug|Any CPU
		{7F366FBF-2D74-4CC2-992A-1CD9C424FB95}.Debug|Any CPU.Build.0 = Debug|Any CPU
		{7F366FBF-2D74-4CC2-992A-1CD9C424FB95}.Release|Any CPU.ActiveCfg = Release|Any CPU
		{7F366FBF-2D74-4CC2-992A-1CD9C424FB95}.Release|Any CPU.Build.0 = Release|Any CPU
	EndGlobalSection
	GlobalSection(SolutionProperties) = preSolution
		HideSolutionNode = FALSE
	EndGlobalSection
	GlobalSection(ExtensibilityGlobals) = postSolution
		SolutionGuid = {0CC5D4C5-79F3-4D56-BFAE-004A50482392}
	EndGlobalSection
EndGlobal
